
Microsoft Visual Studio Solution File, Format Version 12.00
# Visual Studio Version 17
VisualStudioVersion = 17.10.34928.147
MinimumVisualStudioVersion = 10.0.40219.1
Project("{FAE04EC0-301F-11D3-BF4B-00C04F79EFBC}") = "Examen01MVC", "Examen01MVC\Examen01MVC.csproj", "{A92F2D92-6EC0-45F1-B3AA-FB7AF9A29BE1}"
EndProject
Global
	GlobalSection(SolutionConfigurationPlatforms) = preSolution
		Debug|Any CPU = Debug|Any CPU
		Release|Any CPU = Release|Any CPU
	EndGlobalSection
	GlobalSection(ProjectConfigurationPlatforms) = postSolution
		{A92F2D92-6EC0-45F1-B3AA-FB7AF9A29BE1}.Debug|Any CPU.ActiveCfg = Debug|Any CPU
		{A92F2D92-6EC0-45F1-B3AA-FB7AF9A29BE1}.Debug|Any CPU.Build.0 = Debug|Any CPU
		{A92F2D92-6EC0-45F1-B3AA-FB7AF9A29BE1}.Release|Any CPU.ActiveCfg = Release|Any CPU
		{A92F2D92-6EC0-45F1-B3AA-FB7AF9A29BE1}.Release|Any CPU.Build.0 = Release|Any CPU
	EndGlobalSection
	GlobalSection(SolutionProperties) = preSolution
		HideSolutionNode = FALSE
	EndGlobalSection
	GlobalSection(ExtensibilityGlobals) = postSolution
		SolutionGuid = {830F86CD-DC52-462E-A8BE-564D4F415AF4}
	EndGlobalSection
EndGlobal
